lockfileVersion: '6.0'

settings:
  autoInstallPeers: true
  excludeLinksFromLockfile: false

dependencies:
  toastify-js:
    specifier: ^1.12.0
    version: 1.12.0

packages:

  /toastify-js@1.12.0:
    resolution: {integrity: sha512-HeMHCO9yLPvP9k0apGSdPUWrUbLnxUKNFzgUoZp1PHCLploIX/4DSQ7V8H25ef+h4iO9n0he7ImfcndnN6nDrQ==}
    dev: false
